
Microsoft Visual Studio Solution File, Format Version 12.00
# Visual Studio 15
VisualStudioVersion = 15.0.28010.2036
MinimumVisualStudioVersion = 10.0.40219.1
Project("{9A19103F-16F7-4668-BE54-9A1E7A4F7556}") = "FinancialAPICore", "FinancialAPICore\FinancialAPICore.csproj", "{A0787DF3-1840-4DAF-8D2E-8760EFC99B98}"
EndProject
Global
	GlobalSection(SolutionConfigurationPlatforms) = preSolution
		Debug|Any CPU = Debug|Any CPU
		Release|Any CPU = Release|Any CPU
	EndGlobalSection
	GlobalSection(ProjectConfigurationPlatforms) = postSolution
		{A0787DF3-1840-4DAF-8D2E-8760EFC99B98}.Debug|Any CPU.ActiveCfg = Debug|Any CPU
		{A0787DF3-1840-4DAF-8D2E-8760EFC99B98}.Debug|Any CPU.Build.0 = Debug|Any CPU
		{A0787DF3-1840-4DAF-8D2E-8760EFC99B98}.Release|Any CPU.ActiveCfg = Release|Any CPU
		{A0787DF3-1840-4DAF-8D2E-8760EFC99B98}.Release|Any CPU.Build.0 = Release|Any CPU
	EndGlobalSection
	GlobalSection(SolutionProperties) = preSolution
		HideSolutionNode = FALSE
	EndGlobalSection
	GlobalSection(ExtensibilityGlobals) = postSolution
		SolutionGuid = {10899A66-14C6-4962-88FC-EDB67BF0CCC3}
	EndGlobalSection
EndGlobal
